
Microsoft Visual Studio Solution File, Format Version 12.00
# Visual Studio 2012
Project("{2150E333-8FDC-42A3-9474-1A3956D46DE8}") = ".nuget", ".nuget", "{198290D2-3EE2-41C8-9E87-372CF27D5197}"
	ProjectSection(SolutionItems) = preProject
		.nuget\NuGet.Config = .nuget\NuGet.Config
		.nuget\NuGet.exe = .nuget\NuGet.exe
		.nuget\NuGet.targets = .nuget\NuGet.targets
	EndProjectSection
EndProject
Project("{2150E333-8FDC-42A3-9474-1A3956D46DE8}") = "UI", "UI", "{14FCBA4E-82E8-4FF7-9BD8-8CD44EFCE5C8}"
EndProject
Project("{2150E333-8FDC-42A3-9474-1A3956D46DE8}") = "Lib", "Lib", "{B1F76887-A8FA-4BDA-A2F4-AC3D2207F078}"
EndProject
Project("{2150E333-8FDC-42A3-9474-1A3956D46DE8}") = "Lib", "Lib", "{3229BA2E-58D5-4BB8-9C26-B59D98BFB922}"
EndProject
Project("{FAE04EC0-301F-11D3-BF4B-00C04F79EFBC}") = "VPSharp", "Lib\VPSharp\VPSharp.csproj", "{E970C72D-303F-44D7-B34D-FC72025ACB83}"
EndProject
Project("{FAE04EC0-301F-11D3-BF4B-00C04F79EFBC}") = "AdornedControl", "UI\Lib\AdornedControl\AdornedControl.csproj", "{94B81CB7-F8A6-44BC-BD71-E927F701E0D8}"
EndProject
Project("{FAE04EC0-301F-11D3-BF4B-00C04F79EFBC}") = "EnumTools", "UI\Lib\EnumTools\EnumTools.csproj", "{2CCEBD48-4F1E-4910-A671-6087ABCCEE6F}"
EndProject
Project("{FAE04EC0-301F-11D3-BF4B-00C04F79EFBC}") = "ListViewLayout", "UI\Lib\ListViewLayout\ListViewLayout.csproj", "{916A9879-3F2D-471F-AAFA-28F0C8A7FFA9}"
EndProject
Project("{FAE04EC0-301F-11D3-BF4B-00C04F79EFBC}") = "Ookii.Dialogs.Wpf", "UI\Lib\Ookii.Dialogs.Wpf\Ookii.Dialogs.Wpf.csproj", "{D01B1D20-8F5B-4834-8E5C-C7EC6DD587D4}"
EndProject
Project("{FAE04EC0-301F-11D3-BF4B-00C04F79EFBC}") = "VPGUI", "UI\VPGUI\VPGUI.csproj", "{16079285-BE39-4A12-9D2F-39990C64F571}"
EndProject
Global
	GlobalSection(SolutionConfigurationPlatforms) = preSolution
		Debug|Any CPU = Debug|Any CPU
		Debug|Mixed Platforms = Debug|Mixed Platforms
		Debug|x64 = Debug|x64
		Debug|x86 = Debug|x86
		Release|Any CPU = Release|Any CPU
		Release|Mixed Platforms = Release|Mixed Platforms
		Release|x64 = Release|x64
		Release|x86 = Release|x86
	EndGlobalSection
	GlobalSection(ProjectConfigurationPlatforms) = postSolution
		{E970C72D-303F-44D7-B34D-FC72025ACB83}.Debug|Any CPU.ActiveCfg = Debug|Any CPU
		{E970C72D-303F-44D7-B34D-FC72025ACB83}.Debug|Any CPU.Build.0 = Debug|Any CPU
		{E970C72D-303F-44D7-B34D-FC72025ACB83}.Debug|Mixed Platforms.ActiveCfg = Debug|Any CPU
		{E970C72D-303F-44D7-B34D-FC72025ACB83}.Debug|Mixed Platforms.Build.0 = Debug|Any CPU
		{E970C72D-303F-44D7-B34D-FC72025ACB83}.Debug|x64.ActiveCfg = Debug|Any CPU
		{E970C72D-303F-44D7-B34D-FC72025ACB83}.Debug|x86.ActiveCfg = Debug|Any CPU
		{E970C72D-303F-44D7-B34D-FC72025ACB83}.Release|Any CPU.ActiveCfg = Release|Any CPU
		{E970C72D-303F-44D7-B34D-FC72025ACB83}.Release|Any CPU.Build.0 = Release|Any CPU
		{E970C72D-303F-44D7-B34D-FC72025ACB83}.Release|Mixed Platforms.ActiveCfg = Release|Any CPU
		{E970C72D-303F-44D7-B34D-FC72025ACB83}.Release|Mixed Platforms.Build.0 = Release|Any CPU
		{E970C72D-303F-44D7-B34D-FC72025ACB83}.Release|x64.ActiveCfg = Release|Any CPU
		{E970C72D-303F-44D7-B34D-FC72025ACB83}.Release|x86.ActiveCfg = Release|Any CPU
		{94B81CB7-F8A6-44BC-BD71-E927F701E0D8}.Debug|Any CPU.ActiveCfg = Debug|Any CPU
		{94B81CB7-F8A6-44BC-BD71-E927F701E0D8}.Debug|Any CPU.Build.0 = Debug|Any CPU
		{94B81CB7-F8A6-44BC-BD71-E927F701E0D8}.Debug|Mixed Platforms.ActiveCfg = Debug|Any CPU
		{94B81CB7-F8A6-44BC-BD71-E927F701E0D8}.Debug|Mixed Platforms.Build.0 = Debug|Any CPU
		{94B81CB7-F8A6-44BC-BD71-E927F701E0D8}.Debug|x64.ActiveCfg = Debug|Any CPU
		{94B81CB7-F8A6-44BC-BD71-E927F701E0D8}.Debug|x86.ActiveCfg = Debug|Any CPU
		{94B81CB7-F8A6-44BC-BD71-E927F701E0D8}.Release|Any CPU.ActiveCfg = Release|Any CPU
		{94B81CB7-F8A6-44BC-BD71-E927F701E0D8}.Release|Any CPU.Build.0 = Release|Any CPU
		{94B81CB7-F8A6-44BC-BD71-E927F701E0D8}.Release|Mixed Platforms.ActiveCfg = Release|Any CPU
		{94B81CB7-F8A6-44BC-BD71-E927F701E0D8}.Release|Mixed Platforms.Build.0 = Release|Any CPU
		{94B81CB7-F8A6-44BC-BD71-E927F701E0D8}.Release|x64.ActiveCfg = Release|Any CPU
		{94B81CB7-F8A6-44BC-BD71-E927F701E0D8}.Release|x86.ActiveCfg = Release|Any CPU
		{2CCEBD48-4F1E-4910-A671-6087ABCCEE6F}.Debug|Any CPU.ActiveCfg = Debug|Any CPU
		{2CCEBD48-4F1E-4910-A671-6087ABCCEE6F}.Debug|Any CPU.Build.0 = Debug|Any CPU
		{2CCEBD48-4F1E-4910-A671-6087ABCCEE6F}.Debug|Mixed Platforms.ActiveCfg = Debug|Any CPU
		{2CCEBD48-4F1E-4910-A671-6087ABCCEE6F}.Debug|Mixed Platforms.Build.0 = Debug|Any CPU
		{2CCEBD48-4F1E-4910-A671-6087ABCCEE6F}.Debug|x64.ActiveCfg = Debug|Any CPU
		{2CCEBD48-4F1E-4910-A671-6087ABCCEE6F}.Debug|x86.ActiveCfg = Debug|Any CPU
		{2CCEBD48-4F1E-4910-A671-6087ABCCEE6F}.Release|Any CPU.ActiveCfg = Release|Any CPU
		{2CCEBD48-4F1E-4910-A671-6087ABCCEE6F}.Release|Any CPU.Build.0 = Release|Any CPU
		{2CCEBD48-4F1E-4910-A671-6087ABCCEE6F}.Release|Mixed Platforms.ActiveCfg = Release|Any CPU
		{2CCEBD48-4F1E-4910-A671-6087ABCCEE6F}.Release|Mixed Platforms.Build.0 = Release|Any CPU
		{2CCEBD48-4F1E-4910-A671-6087ABCCEE6F}.Release|x64.ActiveCfg = Release|Any CPU
		{2CCEBD48-4F1E-4910-A671-6087ABCCEE6F}.Release|x86.ActiveCfg = Release|Any CPU
		{916A9879-3F2D-471F-AAFA-28F0C8A7FFA9}.Debug|Any CPU.ActiveCfg = Debug|Any CPU
		{916A9879-3F2D-471F-AAFA-28F0C8A7FFA9}.Debug|Any CPU.Build.0 = Debug|Any CPU
		{916A9879-3F2D-471F-AAFA-28F0C8A7FFA9}.Debug|Mixed Platforms.ActiveCfg = Debug|Any CPU
		{916A9879-3F2D-471F-AAFA-28F0C8A7FFA9}.Debug|Mixed Platforms.Build.0 = Debug|Any CPU
		{916A9879-3F2D-471F-AAFA-28F0C8A7FFA9}.Debug|x64.ActiveCfg = Debug|Any CPU
		{916A9879-3F2D-471F-AAFA-28F0C8A7FFA9}.Debug|x86.ActiveCfg = Debug|Any CPU
		{916A9879-3F2D-471F-AAFA-28F0C8A7FFA9}.Release|Any CPU.ActiveCfg = Release|Any CPU
		{916A9879-3F2D-471F-AAFA-28F0C8A7FFA9}.Release|Any CPU.Build.0 = Release|Any CPU
		{916A9879-3F2D-471F-AAFA-28F0C8A7FFA9}.Release|Mixed Platforms.ActiveCfg = Release|Any CPU
		{916A9879-3F2D-471F-AAFA-28F0C8A7FFA9}.Release|Mixed Platforms.Build.0 = Release|Any CPU
		{916A9879-3F2D-471F-AAFA-28F0C8A7FFA9}.Release|x64.ActiveCfg = Release|Any CPU
		{916A9879-3F2D-471F-AAFA-28F0C8A7FFA9}.Release|x86.ActiveCfg = Release|Any CPU
		{D01B1D20-8F5B-4834-8E5C-C7EC6DD587D4}.Debug|Any CPU.ActiveCfg = Debug|Any CPU
		{D01B1D20-8F5B-4834-8E5C-C7EC6DD587D4}.Debug|Any CPU.Build.0 = Debug|Any CPU
		{D01B1D20-8F5B-4834-8E5C-C7EC6DD587D4}.Debug|Mixed Platforms.ActiveCfg = Debug|Any CPU
		{D01B1D20-8F5B-4834-8E5C-C7EC6DD587D4}.Debug|Mixed Platforms.Build.0 = Debug|Any CPU
		{D01B1D20-8F5B-4834-8E5C-C7EC6DD587D4}.Debug|x64.ActiveCfg = Debug|Any CPU
		{D01B1D20-8F5B-4834-8E5C-C7EC6DD587D4}.Debug|x86.ActiveCfg = Debug|Any CPU
		{D01B1D20-8F5B-4834-8E5C-C7EC6DD587D4}.Release|Any CPU.ActiveCfg = Release|Any CPU
		{D01B1D20-8F5B-4834-8E5C-C7EC6DD587D4}.Release|Any CPU.Build.0 = Release|Any CPU
		{D01B1D20-8F5B-4834-8E5C-C7EC6DD587D4}.Release|Mixed Platforms.ActiveCfg = Release|Any CPU
		{D01B1D20-8F5B-4834-8E5C-C7EC6DD587D4}.Release|Mixed Platforms.Build.0 = Release|Any CPU
		{D01B1D20-8F5B-4834-8E5C-C7EC6DD587D4}.Release|x64.ActiveCfg = Release|Any CPU
		{D01B1D20-8F5B-4834-8E5C-C7EC6DD587D4}.Release|x86.ActiveCfg = Release|Any CPU
		{16079285-BE39-4A12-9D2F-39990C64F571}.Debug|Any CPU.ActiveCfg = Debug|Any CPU
		{16079285-BE39-4A12-9D2F-39990C64F571}.Debug|Any CPU.Build.0 = Debug|Any CPU
		{16079285-BE39-4A12-9D2F-39990C64F571}.Debug|Mixed Platforms.ActiveCfg = Debug|Any CPU
		{16079285-BE39-4A12-9D2F-39990C64F571}.Debug|Mixed Platforms.Build.0 = Debug|Any CPU
		{16079285-BE39-4A12-9D2F-39990C64F571}.Debug|x64.ActiveCfg = Debug|Any CPU
		{16079285-BE39-4A12-9D2F-39990C64F571}.Debug|x86.ActiveCfg = Debug|Any CPU
		{16079285-BE39-4A12-9D2F-39990C64F571}.Release|Any CPU.ActiveCfg = Release|Any CPU
		{16079285-BE39-4A12-9D2F-39990C64F571}.Release|Any CPU.Build.0 = Release|Any CPU
		{16079285-BE39-4A12-9D2F-39990C64F571}.Release|Mixed Platforms.ActiveCfg = Release|Any CPU
		{16079285-BE39-4A12-9D2F-39990C64F571}.Release|Mixed Platforms.Build.0 = Release|Any CPU
		{16079285-BE39-4A12-9D2F-39990C64F571}.Release|x64.ActiveCfg = Release|Any CPU
		{16079285-BE39-4A12-9D2F-39990C64F571}.Release|x86.ActiveCfg = Release|Any CPU
	EndGlobalSection
	GlobalSection(SolutionProperties) = preSolution
		HideSolutionNode = FALSE
	EndGlobalSection
	GlobalSection(NestedProjects) = preSolution
		{3229BA2E-58D5-4BB8-9C26-B59D98BFB922} = {14FCBA4E-82E8-4FF7-9BD8-8CD44EFCE5C8}
		{16079285-BE39-4A12-9D2F-39990C64F571} = {14FCBA4E-82E8-4FF7-9BD8-8CD44EFCE5C8}
		{E970C72D-303F-44D7-B34D-FC72025ACB83} = {B1F76887-A8FA-4BDA-A2F4-AC3D2207F078}
		{94B81CB7-F8A6-44BC-BD71-E927F701E0D8} = {3229BA2E-58D5-4BB8-9C26-B59D98BFB922}
		{2CCEBD48-4F1E-4910-A671-6087ABCCEE6F} = {3229BA2E-58D5-4BB8-9C26-B59D98BFB922}
		{916A9879-3F2D-471F-AAFA-28F0C8A7FFA9} = {3229BA2E-58D5-4BB8-9C26-B59D98BFB922}
		{D01B1D20-8F5B-4834-8E5C-C7EC6DD587D4} = {3229BA2E-58D5-4BB8-9C26-B59D98BFB922}
	EndGlobalSection
EndGlobal
